
Microsoft Visual Studio Solution File, Format Version 12.00
# Visual Studio Version 17
VisualStudioVersion = 17.5.33424.131
MinimumVisualStudioVersion = 10.0.40219.1
Project("{FAE04EC0-301F-11D3-BF4B-00C04F79EFBC}") = "EntityFramework", "EntityFramework\EntityFramework.csproj", "{F039B577-3149-4CE4-8053-93ABE1F9452A}"
EndProject
Global
	GlobalSection(SolutionConfigurationPlatforms) = preSolution
		Debug|Any CPU = Debug|Any CPU
		Release|Any CPU = Release|Any CPU
	EndGlobalSection
	GlobalSection(ProjectConfigurationPlatforms) = postSolution
		{F039B577-3149-4CE4-8053-93ABE1F9452A}.Debug|Any CPU.ActiveCfg = Debug|Any CPU
		{F039B577-3149-4CE4-8053-93ABE1F9452A}.Debug|Any CPU.Build.0 = Debug|Any CPU
		{F039B577-3149-4CE4-8053-93ABE1F9452A}.Release|Any CPU.ActiveCfg = Release|Any CPU
		{F039B577-3149-4CE4-8053-93ABE1F9452A}.Release|Any CPU.Build.0 = Release|Any CPU
	EndGlobalSection
	GlobalSection(SolutionProperties) = preSolution
		HideSolutionNode = FALSE
	EndGlobalSection
	GlobalSection(ExtensibilityGlobals) = postSolution
		SolutionGuid = {935975FF-722E-4787-8A58-80329B67EAEA}
	EndGlobalSection
EndGlobal
